
Microsoft Visual Studio Solution File, Format Version 12.00
# Visual Studio Version 17
VisualStudioVersion = 17.8.34309.116
MinimumVisualStudioVersion = 10.0.40219.1
Project("{8BC9CEB8-8B4A-11D0-8D11-00A0C91BC942}") = "Chapter01Overview", "Chapter01Overview\Chapter01Overview.vcxproj", "{98629179-F750-40D4-AFEB-B2A4CBE8D55E}"
EndProject
Project("{8BC9CEB8-8B4A-11D0-8D11-00A0C91BC942}") = "Chapter02GameObjectsAnd2DGraphics", "Chapter2GameObjectsAnd2DGraphics\Chapter2GameObjectsAnd2DGraphics.vcxproj", "{123863FB-AE7D-409D-9527-C84368F81DA3}"
EndProject
Project("{8BC9CEB8-8B4A-11D0-8D11-00A0C91BC942}") = "Chapter03VectorsAndBasicPhysics", "Chapter03VectorsAndBasicPhysics\Chapter03VectorsAndBasicPhysics.vcxproj", "{84F52D0C-A091-43BA-92F4-CA60A32DE257}"
EndProject
Project("{8BC9CEB8-8B4A-11D0-8D11-00A0C91BC942}") = "Chapter04ArtificialIntelligence", "Chapter04ArtificialIntelligence\Chapter04ArtificialIntelligence.vcxproj", "{4B737778-63AB-424A-91A9-9B50449E3531}"
EndProject
Project("{8BC9CEB8-8B4A-11D0-8D11-00A0C91BC942}") = "Chapter05OpenGL", "Chapter05OpenGL\Chapter05OpenGL.vcxproj", "{919F07D2-B976-463B-8778-37EB54995763}"
EndProject
Project("{8BC9CEB8-8B4A-11D0-8D11-00A0C91BC942}") = "Chapter063DGraphics", "Chapter063DGraphics\Chapter063DGraphics.vcxproj", "{0448DDF9-7B25-428E-BC40-B9F364EA06CF}"
EndProject
Global
	GlobalSection(SolutionConfigurationPlatforms) = preSolution
		Debug|x64 = Debug|x64
		Debug|x86 = Debug|x86
		Release|x64 = Release|x64
		Release|x86 = Release|x86
	EndGlobalSection
	GlobalSection(ProjectConfigurationPlatforms) = postSolution
		{98629179-F750-40D4-AFEB-B2A4CBE8D55E}.Debug|x64.ActiveCfg = Debug|x64
		{98629179-F750-40D4-AFEB-B2A4CBE8D55E}.Debug|x64.Build.0 = Debug|x64
		{98629179-F750-40D4-AFEB-B2A4CBE8D55E}.Debug|x86.ActiveCfg = Debug|Win32
		{98629179-F750-40D4-AFEB-B2A4CBE8D55E}.Debug|x86.Build.0 = Debug|Win32
		{98629179-F750-40D4-AFEB-B2A4CBE8D55E}.Release|x64.ActiveCfg = Release|x64
		{98629179-F750-40D4-AFEB-B2A4CBE8D55E}.Release|x64.Build.0 = Release|x64
		{98629179-F750-40D4-AFEB-B2A4CBE8D55E}.Release|x86.ActiveCfg = Release|Win32
		{98629179-F750-40D4-AFEB-B2A4CBE8D55E}.Release|x86.Build.0 = Release|Win32
		{123863FB-AE7D-409D-9527-C84368F81DA3}.Debug|x64.ActiveCfg = Debug|x64
		{123863FB-AE7D-409D-9527-C84368F81DA3}.Debug|x64.Build.0 = Debug|x64
		{123863FB-AE7D-409D-9527-C84368F81DA3}.Debug|x86.ActiveCfg = Debug|Win32
		{123863FB-AE7D-409D-9527-C84368F81DA3}.Debug|x86.Build.0 = Debug|Win32
		{123863FB-AE7D-409D-9527-C84368F81DA3}.Release|x64.ActiveCfg = Release|x64
		{123863FB-AE7D-409D-9527-C84368F81DA3}.Release|x64.Build.0 = Release|x64
		{123863FB-AE7D-409D-9527-C84368F81DA3}.Release|x86.ActiveCfg = Release|Win32
		{123863FB-AE7D-409D-9527-C84368F81DA3}.Release|x86.Build.0 = Release|Win32
		{84F52D0C-A091-43BA-92F4-CA60A32DE257}.Debug|x64.ActiveCfg = Debug|x64
		{84F52D0C-A091-43BA-92F4-CA60A32DE257}.Debug|x64.Build.0 = Debug|x64
		{84F52D0C-A091-43BA-92F4-CA60A32DE257}.Debug|x86.ActiveCfg = Debug|Win32
		{84F52D0C-A091-43BA-92F4-CA60A32DE257}.Debug|x86.Build.0 = Debug|Win32
		{84F52D0C-A091-43BA-92F4-CA60A32DE257}.Release|x64.ActiveCfg = Release|x64
		{84F52D0C-A091-43BA-92F4-CA60A32DE257}.Release|x64.Build.0 = Release|x64
		{84F52D0C-A091-43BA-92F4-CA60A32DE257}.Release|x86.ActiveCfg = Release|Win32
		{84F52D0C-A091-43BA-92F4-CA60A32DE257}.Release|x86.Build.0 = Release|Win32
		{4B737778-63AB-424A-91A9-9B50449E3531}.Debug|x64.ActiveCfg = Debug|x64
		{4B737778-63AB-424A-91A9-9B50449E3531}.Debug|x64.Build.0 = Debug|x64
		{4B737778-63AB-424A-91A9-9B50449E3531}.Debug|x86.ActiveCfg = Debug|Win32
		{4B737778-63AB-424A-91A9-9B50449E3531}.Debug|x86.Build.0 = Debug|Win32
		{4B737778-63AB-424A-91A9-9B50449E3531}.Release|x64.ActiveCfg = Release|x64
		{4B737778-63AB-424A-91A9-9B50449E3531}.Release|x64.Build.0 = Release|x64
		{4B737778-63AB-424A-91A9-9B50449E3531}.Release|x86.ActiveCfg = Release|Win32
		{4B737778-63AB-424A-91A9-9B50449E3531}.Release|x86.Build.0 = Release|Win32
		{919F07D2-B976-463B-8778-37EB54995763}.Debug|x64.ActiveCfg = Debug|x64
		{919F07D2-B976-463B-8778-37EB54995763}.Debug|x64.Build.0 = Debug|x64
		{919F07D2-B976-463B-8778-37EB54995763}.Debug|x86.ActiveCfg = Debug|Win32
		{919F07D2-B976-463B-8778-37EB54995763}.Debug|x86.Build.0 = Debug|Win32
		{919F07D2-B976-463B-8778-37EB54995763}.Release|x64.ActiveCfg = Release|x64
		{919F07D2-B976-463B-8778-37EB54995763}.Release|x64.Build.0 = Release|x64
		{919F07D2-B976-463B-8778-37EB54995763}.Release|x86.ActiveCfg = Release|Win32
		{919F07D2-B976-463B-8778-37EB54995763}.Release|x86.Build.0 = Release|Win32
		{0448DDF9-7B25-428E-BC40-B9F364EA06CF}.Debug|x64.ActiveCfg = Debug|x64
		{0448DDF9-7B25-428E-BC40-B9F364EA06CF}.Debug|x64.Build.0 = Debug|x64
		{0448DDF9-7B25-428E-BC40-B9F364EA06CF}.Debug|x86.ActiveCfg = Debug|Win32
		{0448DDF9-7B25-428E-BC40-B9F364EA06CF}.Debug|x86.Build.0 = Debug|Win32
		{0448DDF9-7B25-428E-BC40-B9F364EA06CF}.Release|x64.ActiveCfg = Release|x64
		{0448DDF9-7B25-428E-BC40-B9F364EA06CF}.Release|x64.Build.0 = Release|x64
		{0448DDF9-7B25-428E-BC40-B9F364EA06CF}.Release|x86.ActiveCfg = Release|Win32
		{0448DDF9-7B25-428E-BC40-B9F364EA06CF}.Release|x86.Build.0 = Release|Win32
	EndGlobalSection
	GlobalSection(SolutionProperties) = preSolution
		HideSolutionNode = FALSE
	EndGlobalSection
	GlobalSection(ExtensibilityGlobals) = postSolution
		SolutionGuid = {61F878E4-7078-4DEC-81C9-F682B071BE70}
	EndGlobalSection
EndGlobal
