<?xml version="1.0" encoding="utf-8"?>
<Project ToolsVersion="4.0" xmlns="http://schemas.microsoft.com/developer/msbuild/2003">
  <ItemGroup>
    <Filter Include="Source Files">
      <UniqueIdentifier>{4FC737F1-C7A5-4376-A066-2A32D752A2FF}</UniqueIdentifier>
      <Extensions>cpp;c;cc;cxx;c++;cppm;ixx;def;odl;idl;hpj;bat;asm;asmx</Extensions>
    </Filter>
    <Filter Include="Header Files">
      <UniqueIdentifier>{93995380-89BD-4b04-88EB-625FBE52EBFB}</UniqueIdentifier>
      <Extensions>h;hh;hpp;hxx;h++;hm;inl;inc;ipp;xsd</Extensions>
    </Filter>
    <Filter Include="Resource Files">
      <UniqueIdentifier>{67DA6AB6-F800-4c08-8B7A-83BB121AAD01}</UniqueIdentifier>
      <Extensions>rc;ico;cur;bmp;dlg;rc2;rct;bin;rgs;gif;jpg;jpeg;jpe;resx;tiff;tif;png;wav;mfcribbon-ms</Extensions>
    </Filter>
    <Filter Include="Header Files\Component">
      <UniqueIdentifier>{ee3bb427-de58-4ac3-ac08-84ca51fb4186}</UniqueIdentifier>
    </Filter>
    <Filter Include="Header Files\Actor">
      <UniqueIdentifier>{c6e8bc2a-17a0-44bc-97a6-fee1f25b6b21}</UniqueIdentifier>
    </Filter>
    <Filter Include="Header Files\3D">
      <UniqueIdentifier>{eaf5d7fb-aa77-4938-8f73-6aa1cee3ca35}</UniqueIdentifier>
    </Filter>
    <Filter Include="Source Files\Component">
      <UniqueIdentifier>{c1370c62-360a-4482-9cc4-ecebbdf81d29}</UniqueIdentifier>
    </Filter>
    <Filter Include="Source Files\Actor">
      <UniqueIdentifier>{aa963779-8174-4be5-82ba-70bcdaf59106}</UniqueIdentifier>
    </Filter>
    <Filter Include="Source Files\3D">
      <UniqueIdentifier>{9fc123c5-bcfb-4274-bad2-2ff22f762edf}</UniqueIdentifier>
    </Filter>
    <Filter Include="Source Files\Base">
      <UniqueIdentifier>{fb25f9f6-e985-4abe-81bc-fe50e28586a8}</UniqueIdentifier>
    </Filter>
    <Filter Include="Header Files\Base">
      <UniqueIdentifier>{ee752979-0208-4666-9785-31107253c11c}</UniqueIdentifier>
    </Filter>
    <Filter Include="Resource Files\Assets">
      <UniqueIdentifier>{0e7fae2e-ed0e-4611-b1c7-c95bdc6d5925}</UniqueIdentifier>
    </Filter>
    <Filter Include="Resource Files\Shaders">
      <UniqueIdentifier>{865e8937-25a4-4755-93f3-34d8152a2baa}</UniqueIdentifier>
    </Filter>
  </ItemGroup>
  <ItemGroup>
    <ClInclude Include="Math.h">
      <Filter>Header Files\Base</Filter>
    </ClInclude>
    <ClInclude Include="Game.h">
      <Filter>Header Files\Base</Filter>
    </ClInclude>
    <ClInclude Include="Component.h">
      <Filter>Header Files\Base</Filter>
    </ClInclude>
    <ClInclude Include="Actor.h">
      <Filter>Header Files\Base</Filter>
    </ClInclude>
    <ClInclude Include="MoveComponent.h">
      <Filter>Header Files\Component</Filter>
    </ClInclude>
    <ClInclude Include="CameraActor.h">
      <Filter>Header Files\Actor</Filter>
    </ClInclude>
    <ClInclude Include="SpriteComponent.h">
      <Filter>Header Files\Component</Filter>
    </ClInclude>
    <ClInclude Include="Texture.h">
      <Filter>Header Files\3D</Filter>
    </ClInclude>
    <ClInclude Include="Shader.h">
      <Filter>Header Files\3D</Filter>
    </ClInclude>
    <ClInclude Include="Renderer.h">
      <Filter>Header Files\3D</Filter>
    </ClInclude>
    <ClInclude Include="VertexArray.h">
      <Filter>Header Files\3D</Filter>
    </ClInclude>
    <ClInclude Include="Mesh.h">
      <Filter>Header Files\3D</Filter>
    </ClInclude>
    <ClInclude Include="PlaneActor.h">
      <Filter>Header Files\Actor</Filter>
    </ClInclude>
    <ClInclude Include="MeshComponent.h">
      <Filter>Header Files\Component</Filter>
    </ClInclude>
    <ClInclude Include="CircleComponent.h">
      <Filter>Header Files\Component</Filter>
    </ClInclude>
  </ItemGroup>
  <ItemGroup>
    <ClCompile Include="Math.cpp">
      <Filter>Source Files\Base</Filter>
    </ClCompile>
    <ClCompile Include="Game.cpp">
      <Filter>Source Files\Base</Filter>
    </ClCompile>
    <ClCompile Include="Actor.cpp">
      <Filter>Source Files\Base</Filter>
    </ClCompile>
    <ClCompile Include="Component.cpp">
      <Filter>Source Files\Base</Filter>
    </ClCompile>
    <ClCompile Include="Main.cpp">
      <Filter>Source Files\Base</Filter>
    </ClCompile>
    <ClCompile Include="CircleComponent.cpp">
      <Filter>Source Files\Component</Filter>
    </ClCompile>
    <ClCompile Include="MoveComponent.cpp">
      <Filter>Source Files\Component</Filter>
    </ClCompile>
    <ClCompile Include="CameraActor.cpp">
      <Filter>Source Files\Actor</Filter>
    </ClCompile>
    <ClCompile Include="VertexArray.cpp">
      <Filter>Source Files\3D</Filter>
    </ClCompile>
    <ClCompile Include="Mesh.cpp">
      <Filter>Source Files\3D</Filter>
    </ClCompile>
    <ClCompile Include="Renderer.cpp">
      <Filter>Source Files\3D</Filter>
    </ClCompile>
    <ClCompile Include="MeshComponent.cpp">
      <Filter>Source Files\Component</Filter>
    </ClCompile>
    <ClCompile Include="Shader.cpp">
      <Filter>Source Files\3D</Filter>
    </ClCompile>
    <ClCompile Include="Texture.cpp">
      <Filter>Source Files\3D</Filter>
    </ClCompile>
    <ClCompile Include="PalneActor.cpp">
      <Filter>Source Files\Actor</Filter>
    </ClCompile>
    <ClCompile Include="SpriteComponent.cpp">
      <Filter>Source Files\Component</Filter>
    </ClCompile>
  </ItemGroup>
  <ItemGroup>
    <None Include="Assets\Cube.gpmesh">
      <Filter>Resource Files\Assets</Filter>
    </None>
    <None Include="Assets\Plane.gpmesh">
      <Filter>Resource Files\Assets</Filter>
    </None>
    <None Include="Assets\Sphere.gpmesh">
      <Filter>Resource Files\Assets</Filter>
    </None>
    <None Include="Shaders\BasicMesh.frag">
      <Filter>Resource Files\Shaders</Filter>
    </None>
    <None Include="Shaders\BasicMesh.vert">
      <Filter>Resource Files\Shaders</Filter>
    </None>
    <None Include="Shaders\Phong.frag">
      <Filter>Resource Files\Shaders</Filter>
    </None>
    <None Include="Shaders\Phong.vert">
      <Filter>Resource Files\Shaders</Filter>
    </None>
    <None Include="Shaders\Sprite.frag">
      <Filter>Resource Files\Shaders</Filter>
    </None>
    <None Include="Shaders\Sprite.vert">
      <Filter>Resource Files\Shaders</Filter>
    </None>
  </ItemGroup>
  <ItemGroup>
    <Image Include="Assets\Cube.png">
      <Filter>Resource Files\Assets</Filter>
    </Image>
    <Image Include="Assets\Default.png">
      <Filter>Resource Files\Assets</Filter>
    </Image>
    <Image Include="Assets\HealthBar.png">
      <Filter>Resource Files\Assets</Filter>
    </Image>
    <Image Include="Assets\Plane.png">
      <Filter>Resource Files\Assets</Filter>
    </Image>
    <Image Include="Assets\Radar.png">
      <Filter>Resource Files\Assets</Filter>
    </Image>
    <Image Include="Assets\Sphere.png">
      <Filter>Resource Files\Assets</Filter>
    </Image>
  </ItemGroup>
</Project>